
Microsoft Visual Studio Solution File, Format Version 12.00
# Visual Studio Version 16
VisualStudioVersion = 16.0.37327.17
MinimumVisualStudioVersion = 10.0.40219.1
Project("{F184B08F-C81C-45F6-A57F-5ABD9991F28F}") = "TokoModernSola", "TokoModernSola\TokoModernSola.vbproj", "{BAA8BC05-5FDB-4729-9287-920B6B48C808}"
EndProject
Global
	GlobalSection(SolutionConfigurationPlatforms) = preSolution
		Debug|Any CPU = Debug|Any CPU
		Release|Any CPU = Release|Any CPU
	EndGlobalSection
	GlobalSection(ProjectConfigurationPlatforms) = postSolution
		{BAA8BC05-5FDB-4729-9287-920B6B48C808}.Debug|Any CPU.ActiveCfg = Debug|Any CPU
		{BAA8BC05-5FDB-4729-9287-920B6B48C808}.Debug|Any CPU.Build.0 = Debug|Any CPU
		{BAA8BC05-5FDB-4729-9287-920B6B48C808}.Release|Any CPU.ActiveCfg = Release|Any CPU
		{BAA8BC05-5FDB-4729-9287-920B6B48C808}.Release|Any CPU.Build.0 = Release|Any CPU
	EndGlobalSection
	GlobalSection(SolutionProperties) = preSolution
		HideSolutionNode = FALSE
	EndGlobalSection
	GlobalSection(ExtensibilityGlobals) = postSolution
		SolutionGuid = {F2B9506C-8DBA-4565-B8C8-54F92E450F88}
	EndGlobalSection
EndGlobal
